// !$*UTF8*$!
{
	archiveVersion = 1;
	classes = {
	};
	objectVersion = 46;
	objects = {

/* Begin PBXBuildFile section */
		A6A1977019E8D84900478496 /* main.m in Sources */ = {isa = PBXBuildFile; fileRef = A6A1976F19E8D84900478496 /* main.m */; };
		A6A1977319E8D84900478496 /* AppDelegate.m in Sources */ = {isa = PBXBuildFile; fileRef = A6A1977219E8D84900478496 /* AppDelegate.m */; };
		A6A1977C19E8D84900478496 /* Main.storyboard in Resources */ = {isa = PBXBuildFile; fileRef = A6A1977A19E8D84900478496 /* Main.storyboard */; };
		A6A1977E19E8D84900478496 /* Images.xcassets in Resources */ = {isa = PBXBuildFile; fileRef = A6A1977D19E8D84900478496 /* Images.xcassets */; };
		A6A1978119E8D84900478496 /* LaunchScreen.xib in Resources */ = {isa = PBXBuildFile; fileRef = A6A1977F19E8D84900478496 /* LaunchScreen.xib */; };
		A6A1978D19E8D84900478496 /* SharedSpaceTests.m in Sources */ = {isa = PBXBuildFile; fileRef = A6A1978C19E8D84900478496 /* SharedSpaceTests.m */; };
		A6A1979819E8E46200478496 /* RequestTableViewController.m in Sources */ = {isa = PBXBuildFile; fileRef = A6A1979719E8E46200478496 /* RequestTableViewController.m */; };
		A6A1979B19E8EB3700478496 /* InboxViewController.m in Sources */ = {isa = PBXBuildFile; fileRef = A6A1979A19E8EB3700478496 /* InboxViewController.m */; };
		A6A1979E19E8EB4B00478496 /* SignUpViewController.m in Sources */ = {isa = PBXBuildFile; fileRef = A6A1979D19E8EB4B00478496 /* SignUpViewController.m */; };
		A6A197A119E8F33500478496 /* NewRequestViewController.m in Sources */ = {isa = PBXBuildFile; fileRef = A6A197A019E8F33500478496 /* NewRequestViewController.m */; };
		A6A197BE19E914C100478496 /* Bolts.framework in Frameworks */ = {isa = PBXBuildFile; fileRef = A6A197BC19E914C100478496 /* Bolts.framework */; };
		A6A197BF19E914C100478496 /* Parse.framework in Frameworks */ = {isa = PBXBuildFile; fileRef = A6A197BD19E914C100478496 /* Parse.framework */; };
		A6A197CA19E9158400478496 /* AudioToolbox.framework in Frameworks */ = {isa = PBXBuildFile; fileRef = A6A197C019E9158400478496 /* AudioToolbox.framework */; };
		A6A197CB19E9158400478496 /* CFNetwork.framework in Frameworks */ = {isa = PBXBuildFile; fileRef = A6A197C119E9158400478496 /* CFNetwork.framework */; };
		A6A197CC19E9158400478496 /* CoreGraphics.framework in Frameworks */ = {isa = PBXBuildFile; fileRef = A6A197C219E9158400478496 /* CoreGraphics.framework */; };
		A6A197CD19E9158400478496 /* CoreLocation.framework in Frameworks */ = {isa = PBXBuildFile; fileRef = A6A197C319E9158400478496 /* CoreLocation.framework */; };
		A6A197CE19E9158400478496 /* libz.dylib in Frameworks */ = {isa = PBXBuildFile; fileRef = A6A197C419E9158400478496 /* libz.dylib */; };
		A6A197CF19E9158400478496 /* MobileCoreServices.framework in Frameworks */ = {isa = PBXBuildFile; fileRef = A6A197C519E9158400478496 /* MobileCoreServices.framework */; };
		A6A197D019E9158400478496 /* QuartzCore.framework in Frameworks */ = {isa = PBXBuildFile; fileRef = A6A197C619E9158400478496 /* QuartzCore.framework */; };
		A6A197D119E9158400478496 /* Security.framework in Frameworks */ = {isa = PBXBuildFile; fileRef = A6A197C719E9158400478496 /* Security.framework */; };
		A6A197D219E9158400478496 /* StoreKit.framework in Frameworks */ = {isa = PBXBuildFile; fileRef = A6A197C819E9158400478496 /* StoreKit.framework */; };
		A6A197D319E9158400478496 /* SystemConfiguration.framework in Frameworks */ = {isa = PBXBuildFile; fileRef = A6A197C919E9158400478496 /* SystemConfiguration.framework */; };
/* End PBXBuildFile section */

/* Begin PBXContainerItemProxy section */
		A6A1978719E8D84900478496 /* PBXContainerItemProxy */ = {
			isa = PBXContainerItemProxy;
			containerPortal = A6A1976219E8D84900478496 /* Project object */;
			proxyType = 1;
			remoteGlobalIDString = A6A1976919E8D84900478496;
			remoteInfo = SharedSpace;
		};
/* End PBXContainerItemProxy section */

/* Begin PBXFileReference section */
		A6A1976A19E8D84900478496 /* SharedSpace.app */ = {isa = PBXFileReference; explicitFileType = wrapper.application; includeInIndex = 0; path = SharedSpace.app; sourceTree = BUILT_PRODUCTS_DIR; };
		A6A1976E19E8D84900478496 /* Info.plist */ = {isa = PBXFileReference; lastKnownFileType = text.plist.xml; path = Info.plist; sourceTree = "<group>"; };
		A6A1976F19E8D84900478496 /* main.m */ = {isa = PBXFileReference; lastKnownFileType = sourcecode.c.objc; path = main.m; sourceTree = "<group>"; };
		A6A1977119E8D84900478496 /* AppDelegate.h */ = {isa = PBXFileReference; lastKnownFileType = sourcecode.c.h; path = AppDelegate.h; sourceTree = "<group>"; };
		A6A1977219E8D84900478496 /* AppDelegate.m */ = {isa = PBXFileReference; lastKnownFileType = sourcecode.c.objc; path = AppDelegate.m; sourceTree = "<group>"; };
		A6A1977B19E8D84900478496 /* Base */ = {isa = PBXFileReference; lastKnownFileType = file.storyboard; name = Base; path = Base.lproj/Main.storyboard; sourceTree = "<group>"; };
		A6A1977D19E8D84900478496 /* Images.xcassets */ = {isa = PBXFileReference; lastKnownFileType = folder.assetcatalog; path = Images.xcassets; sourceTree = "<group>"; };
		A6A1978019E8D84900478496 /* Base */ = {isa = PBXFileReference; lastKnownFileType = file.xib; name = Base; path = Base.lproj/LaunchScreen.xib; sourceTree = "<group>"; };
		A6A1978619E8D84900478496 /* SharedSpaceTests.xctest */ = {isa = PBXFileReference; explicitFileType = wrapper.cfbundle; includeInIndex = 0; path = SharedSpaceTests.xctest; sourceTree = BUILT_PRODUCTS_DIR; };
		A6A1978B19E8D84900478496 /* Info.plist */ = {isa = PBXFileReference; lastKnownFileType = text.plist.xml; path = Info.plist; sourceTree = "<group>"; };
		A6A1978C19E8D84900478496 /* SharedSpaceTests.m */ = {isa = PBXFileReference; lastKnownFileType = sourcecode.c.objc; path = SharedSpaceTests.m; sourceTree = "<group>"; };
		A6A1979619E8E46200478496 /* RequestTableViewController.h */ = {isa = PBXFileReference; fileEncoding = 4; lastKnownFileType = sourcecode.c.h; path = RequestTableViewController.h; sourceTree = "<group>"; };
		A6A1979719E8E46200478496 /* RequestTableViewController.m */ = {isa = PBXFileReference; fileEncoding = 4; lastKnownFileType = sourcecode.c.objc; path = RequestTableViewController.m; sourceTree = "<group>"; };
		A6A1979919E8EB3700478496 /* InboxViewController.h */ = {isa = PBXFileReference; fileEncoding = 4; lastKnownFileType = sourcecode.c.h; path = InboxViewController.h; sourceTree = "<group>"; };
		A6A1979A19E8EB3700478496 /* InboxViewController.m */ = {isa = PBXFileReference; fileEncoding = 4; lastKnownFileType = sourcecode.c.objc; path = InboxViewController.m; sourceTree = "<group>"; };
		A6A1979C19E8EB4B00478496 /* SignUpViewController.h */ = {isa = PBXFileReference; fileEncoding = 4; lastKnownFileType = sourcecode.c.h; path = SignUpViewController.h; sourceTree = "<group>"; };
		A6A1979D19E8EB4B00478496 /* SignUpViewController.m */ = {isa = PBXFileReference; fileEncoding = 4; lastKnownFileType = sourcecode.c.objc; path = SignUpViewController.m; sourceTree = "<group>"; };
		A6A1979F19E8F33500478496 /* NewRequestViewController.h */ = {isa = PBXFileReference; fileEncoding = 4; lastKnownFileType = sourcecode.c.h; path = NewRequestViewController.h; sourceTree = "<group>"; };
		A6A197A019E8F33500478496 /* NewRequestViewController.m */ = {isa = PBXFileReference; fileEncoding = 4; lastKnownFileType = sourcecode.c.objc; path = NewRequestViewController.m; sourceTree = "<group>"; };
		A6A197BC19E914C100478496 /* Bolts.framework */ = {isa = PBXFileReference; lastKnownFileType = wrapper.framework; path = Bolts.framework; sourceTree = "<group>"; };
		A6A197BD19E914C100478496 /* Parse.framework */ = {isa = PBXFileReference; lastKnownFileType = wrapper.framework; path = Parse.framework; sourceTree = "<group>"; };
		A6A197C019E9158400478496 /* AudioToolbox.framework */ = {isa = PBXFileReference; lastKnownFileType = wrapper.framework; name = AudioToolbox.framework; path = System/Library/Frameworks/AudioToolbox.framework; sourceTree = SDKROOT; };
		A6A197C119E9158400478496 /* CFNetwork.framework */ = {isa = PBXFileReference; lastKnownFileType = wrapper.framework; name = CFNetwork.framework; path = System/Library/Frameworks/CFNetwork.framework; sourceTree = SDKROOT; };
		A6A197C219E9158400478496 /* CoreGraphics.framework */ = {isa = PBXFileReference; lastKnownFileType = wrapper.framework; name = CoreGraphics.framework; path = System/Library/Frameworks/CoreGraphics.framework; sourceTree = SDKROOT; };
		A6A197C319E9158400478496 /* CoreLocation.framework */ = {isa = PBXFileReference; lastKnownFileType = wrapper.framework; name = CoreLocation.framework; path = System/Library/Frameworks/CoreLocation.framework; sourceTree = SDKROOT; };
		A6A197C419E9158400478496 /* libz.dylib */ = {isa = PBXFileReference; lastKnownFileType = "compiled.mach-o.dylib"; name = libz.dylib; path = usr/lib/libz.dylib; sourceTree = SDKROOT; };
		A6A197C519E9158400478496 /* MobileCoreServices.framework */ = {isa = PBXFileReference; lastKnownFileType = wrapper.framework; name = MobileCoreServices.framework; path = System/Library/Frameworks/MobileCoreServices.framework; sourceTree = SDKROOT; };
		A6A197C619E9158400478496 /* QuartzCore.framework */ = {isa = PBXFileReference; lastKnownFileType = wrapper.framework; name = QuartzCore.framework; path = System/Library/Frameworks/QuartzCore.framework; sourceTree = SDKROOT; };
		A6A197C719E9158400478496 /* Security.framework */ = {isa = PBXFileReference; lastKnownFileType = wrapper.framework; name = Security.framework; path = System/Library/Frameworks/Security.framework; sourceTree = SDKROOT; };
		A6A197C819E9158400478496 /* StoreKit.framework */ = {isa = PBXFileReference; lastKnownFileType = wrapper.framework; name = StoreKit.framework; path = System/Library/Frameworks/StoreKit.framework; sourceTree = SDKROOT; };
		A6A197C919E9158400478496 /* SystemConfiguration.framework */ = {isa = PBXFileReference; lastKnownFileType = wrapper.framework; name = SystemConfiguration.framework; path = System/Library/Frameworks/SystemConfiguration.framework; sourceTree = SDKROOT; };
/* End PBXFileReference section */

/* Begin PBXFrameworksBuildPhase section */
		A6A1976719E8D84900478496 /* Frameworks */ = {
			isa = PBXFrameworksBuildPhase;
			buildActionMask = 2147483647;
			files = (
				A6A197CA19E9158400478496 /* AudioToolbox.framework in Frameworks */,
				A6A197CB19E9158400478496 /* CFNetwork.framework in Frameworks */,
				A6A197CC19E9158400478496 /* CoreGraphics.framework in Frameworks */,
				A6A197CD19E9158400478496 /* CoreLocation.framework in Frameworks */,
				A6A197CE19E9158400478496 /* libz.dylib in Frameworks */,
				A6A197CF19E9158400478496 /* MobileCoreServices.framework in Frameworks */,
				A6A197D019E9158400478496 /* QuartzCore.framework in Frameworks */,
				A6A197D119E9158400478496 /* Security.framework in Frameworks */,
				A6A197D219E9158400478496 /* StoreKit.framework in Frameworks */,
				A6A197D319E9158400478496 /* SystemConfiguration.framework in Frameworks */,
				A6A197BF19E914C100478496 /* Parse.framework in Frameworks */,
				A6A197BE19E914C100478496 /* Bolts.framework in Frameworks */,
			);
			runOnlyForDeploymentPostprocessing = 0;
		};
		A6A1978319E8D84900478496 /* Frameworks */ = {
			isa = PBXFrameworksBuildPhase;
			buildActionMask = 2147483647;
			files = (
			);
			runOnlyForDeploymentPostprocessing = 0;
		};
/* End PBXFrameworksBuildPhase section */

/* Begin PBXGroup section */
		A6A1976119E8D84900478496 = {
			isa = PBXGroup;
			children = (
				A6A197BB19E914A200478496 /* Frameworks */,
				A6A1976C19E8D84900478496 /* SharedSpace */,
				A6A1978919E8D84900478496 /* SharedSpaceTests */,
				A6A1976B19E8D84900478496 /* Products */,
			);
			sourceTree = "<group>";
		};
		A6A1976B19E8D84900478496 /* Products */ = {
			isa = PBXGroup;
			children = (
				A6A1976A19E8D84900478496 /* SharedSpace.app */,
				A6A1978619E8D84900478496 /* SharedSpaceTests.xctest */,
			);
			name = Products;
			sourceTree = "<group>";
		};
		A6A1976C19E8D84900478496 /* SharedSpace */ = {
			isa = PBXGroup;
			children = (
				A6A1977119E8D84900478496 /* AppDelegate.h */,
				A6A1977219E8D84900478496 /* AppDelegate.m */,
				A6A1977A19E8D84900478496 /* Main.storyboard */,
				A6A1979619E8E46200478496 /* RequestTableViewController.h */,
				A6A1979F19E8F33500478496 /* NewRequestViewController.h */,
				A6A197A019E8F33500478496 /* NewRequestViewController.m */,
				A6A1979719E8E46200478496 /* RequestTableViewController.m */,
				A6A1979919E8EB3700478496 /* InboxViewController.h */,
				A6A1979A19E8EB3700478496 /* InboxViewController.m */,
				A6A1979C19E8EB4B00478496 /* SignUpViewController.h */,
				A6A1979D19E8EB4B00478496 /* SignUpViewController.m */,
				A6A1977D19E8D84900478496 /* Images.xcassets */,
				A6A1977F19E8D84900478496 /* LaunchScreen.xib */,
				A6A1976D19E8D84900478496 /* Supporting Files */,
			);
			path = SharedSpace;
			sourceTree = "<group>";
		};
		A6A1976D19E8D84900478496 /* Supporting Files */ = {
			isa = PBXGroup;
			children = (
				A6A1976E19E8D84900478496 /* Info.plist */,
				A6A1976F19E8D84900478496 /* main.m */,
			);
			name = "Supporting Files";
			sourceTree = "<group>";
		};
		A6A1978919E8D84900478496 /* SharedSpaceTests */ = {
			isa = PBXGroup;
			children = (
				A6A1978C19E8D84900478496 /* SharedSpaceTests.m */,
				A6A1978A19E8D84900478496 /* Supporting Files */,
			);
			path = SharedSpaceTests;
			sourceTree = "<group>";
		};
		A6A1978A19E8D84900478496 /* Supporting Files */ = {
			isa = PBXGroup;
			children = (
				A6A1978B19E8D84900478496 /* Info.plist */,
			);
			name = "Supporting Files";
			sourceTree = "<group>";
		};
		A6A197BB19E914A200478496 /* Frameworks */ = {
			isa = PBXGroup;
			children = (
				A6A197C019E9158400478496 /* AudioToolbox.framework */,
				A6A197C119E9158400478496 /* CFNetwork.framework */,
				A6A197C219E9158400478496 /* CoreGraphics.framework */,
				A6A197C319E9158400478496 /* CoreLocation.framework */,
				A6A197C419E9158400478496 /* libz.dylib */,
				A6A197C519E9158400478496 /* MobileCoreServices.framework */,
				A6A197C619E9158400478496 /* QuartzCore.framework */,
				A6A197C719E9158400478496 /* Security.framework */,
				A6A197C819E9158400478496 /* StoreKit.framework */,
				A6A197C919E9158400478496 /* SystemConfiguration.framework */,
				A6A197BC19E914C100478496 /* Bolts.framework */,
				A6A197BD19E914C100478496 /* Parse.framework */,
			);
			name = Frameworks;
			sourceTree = "<group>";
		};
/* End PBXGroup section */

/* Begin PBXNativeTarget section */
		A6A1976919E8D84900478496 /* SharedSpace */ = {
			isa = PBXNativeTarget;
			buildConfigurationList = A6A1979019E8D84900478496 /* Build configuration list for PBXNativeTarget "SharedSpace" */;
			buildPhases = (
				A6A1976619E8D84900478496 /* Sources */,
				A6A1976719E8D84900478496 /* Frameworks */,
				A6A1976819E8D84900478496 /* Resources */,
			);
			buildRules = (
			);
			dependencies = (
			);
			name = SharedSpace;
			productName = SharedSpace;
			productReference = A6A1976A19E8D84900478496 /* SharedSpace.app */;
			productType = "com.apple.product-type.application";
		};
		A6A1978519E8D84900478496 /* SharedSpaceTests */ = {
			isa = PBXNativeTarget;
			buildConfigurationList = A6A1979319E8D84900478496 /* Build configuration list for PBXNativeTarget "SharedSpaceTests" */;
			buildPhases = (
				A6A1978219E8D84900478496 /* Sources */,
				A6A1978319E8D84900478496 /* Frameworks */,
				A6A1978419E8D84900478496 /* Resources */,
			);
			buildRules = (
			);
			dependencies = (
				A6A1978819E8D84900478496 /* PBXTargetDependency */,
			);
			name = SharedSpaceTests;
			productName = SharedSpaceTests;
			productReference = A6A1978619E8D84900478496 /* SharedSpaceTests.xctest */;
			productType = "com.apple.product-type.bundle.unit-test";
		};
/* End PBXNativeTarget section */

/* Begin PBXProject section */
		A6A1976219E8D84900478496 /* Project object */ = {
			isa = PBXProject;
			attributes = {
				LastUpgradeCheck = 0600;
				ORGANIZATIONNAME = "Ranjay Salmon";
				TargetAttributes = {
					A6A1976919E8D84900478496 = {
						CreatedOnToolsVersion = 6.0.1;
					};
					A6A1978519E8D84900478496 = {
						CreatedOnToolsVersion = 6.0.1;
						TestTargetID = A6A1976919E8D84900478496;
					};
				};
			};
			buildConfigurationList = A6A1976519E8D84900478496 /* Build configuration list for PBXProject "SharedSpace" */;
			compatibilityVersion = "Xcode 3.2";
			developmentRegion = English;
			hasScannedForEncodings = 0;
			knownRegions = (
				en,
				Base,
			);
			mainGroup = A6A1976119E8D84900478496;
			productRefGroup = A6A1976B19E8D84900478496 /* Products */;
			projectDirPath = "";
			projectRoot = "";
			targets = (
				A6A1976919E8D84900478496 /* SharedSpace */,
				A6A1978519E8D84900478496 /* SharedSpaceTests */,
			);
		};
/* End PBXProject section */

/* Begin PBXResourcesBuildPhase section */
		A6A1976819E8D84900478496 /* Resources */ = {
			isa = PBXResourcesBuildPhase;
			buildActionMask = 2147483647;
			files = (
				A6A1977C19E8D84900478496 /* Main.storyboard in Resources */,
				A6A1978119E8D84900478496 /* LaunchScreen.xib in Resources */,
				A6A1977E19E8D84900478496 /* Images.xcassets in Resources */,
			);
			runOnlyForDeploymentPostprocessing = 0;
		};
		A6A1978419E8D84900478496 /* Resources */ = {
			isa = PBXResourcesBuildPhase;
			buildActionMask = 2147483647;
			files = (
			);
			runOnlyForDeploymentPostprocessing = 0;
		};
/* End PBXResourcesBuildPhase section */

/* Begin PBXSourcesBuildPhase section */
		A6A1976619E8D84900478496 /* Sources */ = {
			isa = PBXSourcesBuildPhase;
			buildActionMask = 2147483647;
			files = (
				A6A1979819E8E46200478496 /* RequestTableViewController.m in Sources */,
				A6A1979E19E8EB4B00478496 /* SignUpViewController.m in Sources */,
				A6A1977319E8D84900478496 /* AppDelegate.m in Sources */,
				A6A1977019E8D84900478496 /* main.m in Sources */,
				A6A1979B19E8EB3700478496 /* InboxViewController.m in Sources */,
				A6A197A119E8F33500478496 /* NewRequestViewController.m in Sources */,
			);
			runOnlyForDeploymentPostprocessing = 0;
		};
		A6A1978219E8D84900478496 /* Sources */ = {
			isa = PBXSourcesBuildPhase;
			buildActionMask = 2147483647;
			files = (
				A6A1978D19E8D84900478496 /* SharedSpaceTests.m in Sources */,
			);
			runOnlyForDeploymentPostprocessing = 0;
		};
/* End PBXSourcesBuildPhase section */

/* Begin PBXTargetDependency section */
		A6A1978819E8D84900478496 /* PBXTargetDependency */ = {
			isa = PBXTargetDependency;
			target = A6A1976919E8D84900478496 /* SharedSpace */;
			targetProxy = A6A1978719E8D84900478496 /* PBXContainerItemProxy */;
		};
/* End PBXTargetDependency section */

/* Begin PBXVariantGroup section */
		A6A1977A19E8D84900478496 /* Main.storyboard */ = {
			isa = PBXVariantGroup;
			children = (
				A6A1977B19E8D84900478496 /* Base */,
			);
			name = Main.storyboard;
			sourceTree = "<group>";
		};
		A6A1977F19E8D84900478496 /* LaunchScreen.xib */ = {
			isa = PBXVariantGroup;
			children = (
				A6A1978019E8D84900478496 /* Base */,
			);
			name = LaunchScreen.xib;
			sourceTree = "<group>";
		};
/* End PBXVariantGroup section */

/* Begin XCBuildConfiguration section */
		A6A1978E19E8D84900478496 /* Debug */ = {
			isa = XCBuildConfiguration;
			buildSettings = {
				ALWAYS_SEARCH_USER_PATHS = NO;
				CLANG_CXX_LANGUAGE_STANDARD = "gnu++0x";
				CLANG_CXX_LIBRARY = "libc++";
				CLANG_ENABLE_MODULES = YES;
				CLANG_ENABLE_OBJC_ARC = YES;
				CLANG_WARN_BOOL_CONVERSION = YES;
				CLANG_WARN_CONSTANT_CONVERSION = YES;
				CLANG_WARN_DIRECT_OBJC_ISA_USAGE = YES_ERROR;
				CLANG_WARN_EMPTY_BODY = YES;
				CLANG_WARN_ENUM_CONVERSION = YES;
				CLANG_WARN_INT_CONVERSION = YES;
				CLANG_WARN_OBJC_ROOT_CLASS = YES_ERROR;
				CLANG_WARN_UNREACHABLE_CODE = YES;
				CLANG_WARN__DUPLICATE_METHOD_MATCH = YES;
				"CODE_SIGN_IDENTITY[sdk=iphoneos*]" = "iPhone Developer";
				COPY_PHASE_STRIP = NO;
				ENABLE_STRICT_OBJC_MSGSEND = YES;
				GCC_C_LANGUAGE_STANDARD = gnu99;
				GCC_DYNAMIC_NO_PIC = NO;
				GCC_OPTIMIZATION_LEVEL = 0;
				GCC_PREPROCESSOR_DEFINITIONS = (
					"DEBUG=1",
					"$(inherited)",
				);
				GCC_SYMBOLS_PRIVATE_EXTERN = NO;
				GCC_WARN_64_TO_32_BIT_CONVERSION = YES;
				GCC_WARN_ABOUT_RETURN_TYPE = YES_ERROR;
				GCC_WARN_UNDECLARED_SELECTOR = YES;
				GCC_WARN_UNINITIALIZED_AUTOS = YES_AGGRESSIVE;
				GCC_WARN_UNUSED_FUNCTION = YES;
				GCC_WARN_UNUSED_VARIABLE = YES;
				IPHONEOS_DEPLOYMENT_TARGET = 8.0;
				MTL_ENABLE_DEBUG_INFO = YES;
				ONLY_ACTIVE_ARCH = YES;
				SDKROOT = iphoneos;
			};
			name = Debug;
		};
		A6A1978F19E8D84900478496 /* Release */ = {
			isa = XCBuildConfiguration;
			buildSettings = {
				ALWAYS_SEARCH_USER_PATHS = NO;
				CLANG_CXX_LANGUAGE_STANDARD = "gnu++0x";
				CLANG_CXX_LIBRARY = "libc++";
				CLANG_ENABLE_MODULES = YES;
				CLANG_ENABLE_OBJC_ARC = YES;
				CLANG_WARN_BOOL_CONVERSION = YES;
				CLANG_WARN_CONSTANT_CONVERSION = YES;
				CLANG_WARN_DIRECT_OBJC_ISA_USAGE = YES_ERROR;
				CLANG_WARN_EMPTY_BODY = YES;
				CLANG_WARN_ENUM_CONVERSION = YES;
				CLANG_WARN_INT_CONVERSION = YES;
				CLANG_WARN_OBJC_ROOT_CLASS = YES_ERROR;
				CLANG_WARN_UNREACHABLE_CODE = YES;
				CLANG_WARN__DUPLICATE_METHOD_MATCH = YES;
				"CODE_SIGN_IDENTITY[sdk=iphoneos*]" = "iPhone Developer";
				COPY_PHASE_STRIP = YES;
				ENABLE_NS_ASSERTIONS = NO;
				ENABLE_STRICT_OBJC_MSGSEND = YES;
				GCC_C_LANGUAGE_STANDARD = gnu99;
				GCC_WARN_64_TO_32_BIT_CONVERSION = YES;
				GCC_WARN_ABOUT_RETURN_TYPE = YES_ERROR;
				GCC_WARN_UNDECLARED_SELECTOR = YES;
				GCC_WARN_UNINITIALIZED_AUTOS = YES_AGGRESSIVE;
				GCC_WARN_UNUSED_FUNCTION = YES;
				GCC_WARN_UNUSED_VARIABLE = YES;
				IPHONEOS_DEPLOYMENT_TARGET = 8.0;
				MTL_ENABLE_DEBUG_INFO = NO;
				SDKROOT = iphoneos;
				VALIDATE_PRODUCT = YES;
			};
			name = Release;
		};
		A6A1979119E8D84900478496 /* Debug */ = {
			isa = XCBuildConfiguration;
			buildSettings = {
				ASSETCATALOG_COMPILER_APPICON_NAME = AppIcon;
				FRAMEWORK_SEARCH_PATHS = (
					"$(inherited)",
					"$(PROJECT_DIR)",
				);
				INFOPLIST_FILE = SharedSpace/Info.plist;
				LD_RUNPATH_SEARCH_PATHS = "$(inherited) @executable_path/Frameworks";
				PRODUCT_NAME = "$(TARGET_NAME)";
			};
			name = Debug;
		};
		A6A1979219E8D84900478496 /* Release */ = {
			isa = XCBuildConfiguration;
			buildSettings = {
				ASSETCATALOG_COMPILER_APPICON_NAME = AppIcon;
				FRAMEWORK_SEARCH_PATHS = (
					"$(inherited)",
					"$(PROJECT_DIR)",
				);
				INFOPLIST_FILE = SharedSpace/Info.plist;
				LD_RUNPATH_SEARCH_PATHS = "$(inherited) @executable_path/Frameworks";
				PRODUCT_NAME = "$(TARGET_NAME)";
			};
			name = Release;
		};
		A6A1979419E8D84900478496 /* Debug */ = {
			isa = XCBuildConfiguration;
			buildSettings = {
				BUNDLE_LOADER = "$(TEST_HOST)";
				FRAMEWORK_SEARCH_PATHS = (
					"$(SDKROOT)/Developer/Library/Frameworks",
					"$(inherited)",
				);
				GCC_PREPROCESSOR_DEFINITIONS = (
					"DEBUG=1",
					"$(inherited)",
				);
				INFOPLIST_FILE = SharedSpaceTests/Info.plist;
				LD_RUNPATH_SEARCH_PATHS = "$(inherited) @executable_path/Frameworks @loader_path/Frameworks";
				PRODUCT_NAME = "$(TARGET_NAME)";
				TEST_HOST = "$(BUILT_PRODUCTS_DIR)/SharedSpace.app/SharedSpace";
			};
			name = Debug;
		};
		A6A1979519E8D84900478496 /* Release */ = {
			isa = XCBuildConfiguration;
			buildSettings = {
				BUNDLE_LOADER = "$(TEST_HOST)";
				FRAMEWORK_SEARCH_PATHS = (
					"$(SDKROOT)/Developer/Library/Frameworks",
					"$(inherited)",
				);
				INFOPLIST_FILE = SharedSpaceTests/Info.plist;
				LD_RUNPATH_SEARCH_PATHS = "$(inherited) @executable_path/Frameworks @loader_path/Frameworks";
				PRODUCT_NAME = "$(TARGET_NAME)";
				TEST_HOST = "$(BUILT_PRODUCTS_DIR)/SharedSpace.app/SharedSpace";
			};
			name = Release;
		};
/* End XCBuildConfiguration section */

/* Begin XCConfigurationList section */
		A6A1976519E8D84900478496 /* Build configuration list for PBXProject "SharedSpace" */ = {
			isa = XCConfigurationList;
			buildConfigurations = (
				A6A1978E19E8D84900478496 /* Debug */,
				A6A1978F19E8D84900478496 /* Release */,
			);
			defaultConfigurationIsVisible = 0;
			defaultConfigurationName = Release;
		};
		A6A1979019E8D84900478496 /* Build configuration list for PBXNativeTarget "SharedSpace" */ = {
			isa = XCConfigurationList;
			buildConfigurations = (
				A6A1979119E8D84900478496 /* Debug */,
				A6A1979219E8D84900478496 /* Release */,
			);
			defaultConfigurationIsVisible = 0;
			defaultConfigurationName = Release;
		};
		A6A1979319E8D84900478496 /* Build configuration list for PBXNativeTarget "SharedSpaceTests" */ = {
			isa = XCConfigurationList;
			buildConfigurations = (
				A6A1979419E8D84900478496 /* Debug */,
				A6A1979519E8D84900478496 /* Release */,
			);
			defaultConfigurationIsVisible = 0;
			defaultConfigurationName = Release;
		};
/* End XCConfigurationList section */
	};
	rootObject = A6A1976219E8D84900478496 /* Project object */;
}
